
Microsoft Visual Studio Solution File, Format Version 12.00
# Visual Studio Version 16
VisualStudioVersion = 16.0.29728.190
MinimumVisualStudioVersion = 10.0.40219.1
Project("{FAE04EC0-301F-11D3-BF4B-00C04F79EFBC}") = "ASP-Assignment-1", "ASP-Assignment-1\ASP-Assignment-1.csproj", "{6A832C07-B809-4733-9250-CF442C2EAD53}"
EndProject
Global
	GlobalSection(SolutionConfigurationPlatforms) = preSolution
		Debug|Any CPU = Debug|Any CPU
		Release|Any CPU = Release|Any CPU
	EndGlobalSection
	GlobalSection(ProjectConfigurationPlatforms) = postSolution
		{6A832C07-B809-4733-9250-CF442C2EAD53}.Debug|Any CPU.ActiveCfg = Debug|Any CPU
		{6A832C07-B809-4733-9250-CF442C2EAD53}.Debug|Any CPU.Build.0 = Debug|Any CPU
		{6A832C07-B809-4733-9250-CF442C2EAD53}.Release|Any CPU.ActiveCfg = Release|Any CPU
		{6A832C07-B809-4733-9250-CF442C2EAD53}.Release|Any CPU.Build.0 = Release|Any CPU
	EndGlobalSection
	GlobalSection(SolutionProperties) = preSolution
		HideSolutionNode = FALSE
	EndGlobalSection
	GlobalSection(ExtensibilityGlobals) = postSolution
		SolutionGuid = {F671E034-CA28-4ED8-AEFD-C2CCA7CCEC28}
	EndGlobalSection
EndGlobal
